// !$*UTF8*$!
{
	archiveVersion = 1;
	classes = {
	};
	objectVersion = 50;
	objects = {

/* Begin PBXBuildFile section */
		7B2550FB255A23A600FF63A0 /* AppDelegate.swift in Sources */ = {isa = PBXBuildFile; fileRef = 7B2550FA255A23A600FF63A0 /* AppDelegate.swift */; };
		7B2550FD255A23A600FF63A0 /* SceneDelegate.swift in Sources */ = {isa = PBXBuildFile; fileRef = 7B2550FC255A23A600FF63A0 /* SceneDelegate.swift */; };
		7B2550FF255A23A600FF63A0 /* ViewController.swift in Sources */ = {isa = PBXBuildFile; fileRef = 7B2550FE255A23A600FF63A0 /* ViewController.swift */; };
		7B255102255A23A600FF63A0 /* Main.storyboard in Resources */ = {isa = PBXBuildFile; fileRef = 7B255100255A23A600FF63A0 /* Main.storyboard */; };
		7B255104255A23A800FF63A0 /* Assets.xcassets in Resources */ = {isa = PBXBuildFile; fileRef = 7B255103255A23A800FF63A0 /* Assets.xcassets */; };
		7B255107255A23A800FF63A0 /* LaunchScreen.storyboard in Resources */ = {isa = PBXBuildFile; fileRef = 7B255105255A23A800FF63A0 /* LaunchScreen.storyboard */; };
		7B255115255A247A00FF63A0 /* ConversationsController.swift in Sources */ = {isa = PBXBuildFile; fileRef = 7B255114255A247A00FF63A0 /* ConversationsController.swift */; };
		7B255118255A35EC00FF63A0 /* LoginController.swift in Sources */ = {isa = PBXBuildFile; fileRef = 7B255117255A35EC00FF63A0 /* LoginController.swift */; };
		7B25511A255A360600FF63A0 /* RegistrationController.swift in Sources */ = {isa = PBXBuildFile; fileRef = 7B255119255A360600FF63A0 /* RegistrationController.swift */; };
/* End PBXBuildFile section */

/* Begin PBXFileReference section */
		7B2550F7255A23A600FF63A0 /* FireChat.app */ = {isa = PBXFileReference; explicitFileType = wrapper.application; includeInIndex = 0; path = FireChat.app; sourceTree = BUILT_PRODUCTS_DIR; };
		7B2550FA255A23A600FF63A0 /* AppDelegate.swift */ = {isa = PBXFileReference; lastKnownFileType = sourcecode.swift; path = AppDelegate.swift; sourceTree = "<group>"; };
		7B2550FC255A23A600FF63A0 /* SceneDelegate.swift */ = {isa = PBXFileReference; lastKnownFileType = sourcecode.swift; path = SceneDelegate.swift; sourceTree = "<group>"; };
		7B2550FE255A23A600FF63A0 /* ViewController.swift */ = {isa = PBXFileReference; lastKnownFileType = sourcecode.swift; path = ViewController.swift; sourceTree = "<group>"; };
		7B255101255A23A600FF63A0 /* Base */ = {isa = PBXFileReference; lastKnownFileType = file.storyboard; name = Base; path = Base.lproj/Main.storyboard; sourceTree = "<group>"; };
		7B255103255A23A800FF63A0 /* Assets.xcassets */ = {isa = PBXFileReference; lastKnownFileType = folder.assetcatalog; path = Assets.xcassets; sourceTree = "<group>"; };
		7B255106255A23A800FF63A0 /* Base */ = {isa = PBXFileReference; lastKnownFileType = file.storyboard; name = Base; path = Base.lproj/LaunchScreen.storyboard; sourceTree = "<group>"; };
		7B255108255A23A800FF63A0 /* Info.plist */ = {isa = PBXFileReference; lastKnownFileType = text.plist.xml; path = Info.plist; sourceTree = "<group>"; };
		7B255114255A247A00FF63A0 /* ConversationsController.swift */ = {isa = PBXFileReference; lastKnownFileType = sourcecode.swift; path = ConversationsController.swift; sourceTree = "<group>"; };
		7B255117255A35EC00FF63A0 /* LoginController.swift */ = {isa = PBXFileReference; lastKnownFileType = sourcecode.swift; path = LoginController.swift; sourceTree = "<group>"; };
		7B255119255A360600FF63A0 /* RegistrationController.swift */ = {isa = PBXFileReference; lastKnownFileType = sourcecode.swift; path = RegistrationController.swift; sourceTree = "<group>"; };
/* End PBXFileReference section */

/* Begin PBXFrameworksBuildPhase section */
		7B2550F4255A23A600FF63A0 /* Frameworks */ = {
			isa = PBXFrameworksBuildPhase;
			buildActionMask = 2147483647;
			files = (
			);
			runOnlyForDeploymentPostprocessing = 0;
		};
/* End PBXFrameworksBuildPhase section */

/* Begin PBXGroup section */
		7B2550EE255A23A600FF63A0 = {
			isa = PBXGroup;
			children = (
				7B2550F9255A23A600FF63A0 /* FireChat */,
				7B2550F8255A23A600FF63A0 /* Products */,
			);
			sourceTree = "<group>";
		};
		7B2550F8255A23A600FF63A0 /* Products */ = {
			isa = PBXGroup;
			children = (
				7B2550F7255A23A600FF63A0 /* FireChat.app */,
			);
			name = Products;
			sourceTree = "<group>";
		};
		7B2550F9255A23A600FF63A0 /* FireChat */ = {
			isa = PBXGroup;
			children = (
				7B255113255A240E00FF63A0 /* Model */,
				7B255112255A240C00FF63A0 /* View */,
				7B255111255A240900FF63A0 /* ViewModel */,
				7B255110255A240600FF63A0 /* Controller */,
				7B25510F255A240200FF63A0 /* Api */,
				7B25510E255A23F100FF63A0 /* Utils */,
				7B2550FA255A23A600FF63A0 /* AppDelegate.swift */,
				7B2550FC255A23A600FF63A0 /* SceneDelegate.swift */,
				7B2550FE255A23A600FF63A0 /* ViewController.swift */,
				7B255100255A23A600FF63A0 /* Main.storyboard */,
				7B255103255A23A800FF63A0 /* Assets.xcassets */,
				7B255105255A23A800FF63A0 /* LaunchScreen.storyboard */,
				7B255108255A23A800FF63A0 /* Info.plist */,
			);
			path = FireChat;
			sourceTree = "<group>";
		};
		7B25510E255A23F100FF63A0 /* Utils */ = {
			isa = PBXGroup;
			children = (
			);
			path = Utils;
			sourceTree = "<group>";
		};
		7B25510F255A240200FF63A0 /* Api */ = {
			isa = PBXGroup;
			children = (
			);
			path = Api;
			sourceTree = "<group>";
		};
		7B255110255A240600FF63A0 /* Controller */ = {
			isa = PBXGroup;
			children = (
				7B255116255A35B400FF63A0 /* Authentication */,
				7B255114255A247A00FF63A0 /* ConversationsController.swift */,
			);
			path = Controller;
			sourceTree = "<group>";
		};
		7B255111255A240900FF63A0 /* ViewModel */ = {
			isa = PBXGroup;
			children = (
			);
			path = ViewModel;
			sourceTree = "<group>";
		};
		7B255112255A240C00FF63A0 /* View */ = {
			isa = PBXGroup;
			children = (
			);
			path = View;
			sourceTree = "<group>";
		};
		7B255113255A240E00FF63A0 /* Model */ = {
			isa = PBXGroup;
			children = (
			);
			path = Model;
			sourceTree = "<group>";
		};
		7B255116255A35B400FF63A0 /* Authentication */ = {
			isa = PBXGroup;
			children = (
				7B255117255A35EC00FF63A0 /* LoginController.swift */,
				7B255119255A360600FF63A0 /* RegistrationController.swift */,
			);
			path = Authentication;
			sourceTree = "<group>";
		};
/* End PBXGroup section */

/* Begin PBXNativeTarget section */
		7B2550F6255A23A600FF63A0 /* FireChat */ = {
			isa = PBXNativeTarget;
			buildConfigurationList = 7B25510B255A23A800FF63A0 /* Build configuration list for PBXNativeTarget "FireChat" */;
			buildPhases = (
				7B2550F3255A23A600FF63A0 /* Sources */,
				7B2550F4255A23A600FF63A0 /* Frameworks */,
				7B2550F5255A23A600FF63A0 /* Resources */,
			);
			buildRules = (
			);
			dependencies = (
			);
			name = FireChat;
			productName = FireChat;
			productReference = 7B2550F7255A23A600FF63A0 /* FireChat.app */;
			productType = "com.apple.product-type.application";
		};
/* End PBXNativeTarget section */

/* Begin PBXProject section */
		7B2550EF255A23A600FF63A0 /* Project object */ = {
			isa = PBXProject;
			attributes = {
				LastSwiftUpdateCheck = 1150;
				LastUpgradeCheck = 1150;
				ORGANIZATIONNAME = mkafonso;
				TargetAttributes = {
					7B2550F6255A23A600FF63A0 = {
						CreatedOnToolsVersion = 11.5;
					};
				};
			};
			buildConfigurationList = 7B2550F2255A23A600FF63A0 /* Build configuration list for PBXProject "FireChat" */;
			compatibilityVersion = "Xcode 9.3";
			developmentRegion = en;
			hasScannedForEncodings = 0;
			knownRegions = (
				en,
				Base,
			);
			mainGroup = 7B2550EE255A23A600FF63A0;
			productRefGroup = 7B2550F8255A23A600FF63A0 /* Products */;
			projectDirPath = "";
			projectRoot = "";
			targets = (
				7B2550F6255A23A600FF63A0 /* FireChat */,
			);
		};
/* End PBXProject section */

/* Begin PBXResourcesBuildPhase section */
		7B2550F5255A23A600FF63A0 /* Resources */ = {
			isa = PBXResourcesBuildPhase;
			buildActionMask = 2147483647;
			files = (
				7B255107255A23A800FF63A0 /* LaunchScreen.storyboard in Resources */,
				7B255104255A23A800FF63A0 /* Assets.xcassets in Resources */,
				7B255102255A23A600FF63A0 /* Main.storyboard in Resources */,
			);
			runOnlyForDeploymentPostprocessing = 0;
		};
/* End PBXResourcesBuildPhase section */

/* Begin PBXSourcesBuildPhase section */
		7B2550F3255A23A600FF63A0 /* Sources */ = {
			isa = PBXSourcesBuildPhase;
			buildActionMask = 2147483647;
			files = (
				7B2550FF255A23A600FF63A0 /* ViewController.swift in Sources */,
				7B2550FB255A23A600FF63A0 /* AppDelegate.swift in Sources */,
				7B255115255A247A00FF63A0 /* ConversationsController.swift in Sources */,
				7B2550FD255A23A600FF63A0 /* SceneDelegate.swift in Sources */,
				7B25511A255A360600FF63A0 /* RegistrationController.swift in Sources */,
				7B255118255A35EC00FF63A0 /* LoginController.swift in Sources */,
			);
			runOnlyForDeploymentPostprocessing = 0;
		};
/* End PBXSourcesBuildPhase section */

/* Begin PBXVariantGroup section */
		7B255100255A23A600FF63A0 /* Main.storyboard */ = {
			isa = PBXVariantGroup;
			children = (
				7B255101255A23A600FF63A0 /* Base */,
			);
			name = Main.storyboard;
			sourceTree = "<group>";
		};
		7B255105255A23A800FF63A0 /* LaunchScreen.storyboard */ = {
			isa = PBXVariantGroup;
			children = (
				7B255106255A23A800FF63A0 /* Base */,
			);
			name = LaunchScreen.storyboard;
			sourceTree = "<group>";
		};
/* End PBXVariantGroup section */

/* Begin XCBuildConfiguration section */
		7B255109255A23A800FF63A0 /* Debug */ = {
			isa = XCBuildConfiguration;
			buildSettings = {
				ALWAYS_SEARCH_USER_PATHS = NO;
				CLANG_ANALYZER_NONNULL = YES;
				CLANG_ANALYZER_NUMBER_OBJECT_CONVERSION = YES_AGGRESSIVE;
				CLANG_CXX_LANGUAGE_STANDARD = "gnu++14";
				CLANG_CXX_LIBRARY = "libc++";
				CLANG_ENABLE_MODULES = YES;
				CLANG_ENABLE_OBJC_ARC = YES;
				CLANG_ENABLE_OBJC_WEAK = YES;
				CLANG_WARN_BLOCK_CAPTURE_AUTORELEASING = YES;
				CLANG_WARN_BOOL_CONVERSION = YES;
				CLANG_WARN_COMMA = YES;
				CLANG_WARN_CONSTANT_CONVERSION = YES;
				CLANG_WARN_DEPRECATED_OBJC_IMPLEMENTATIONS = YES;
				CLANG_WARN_DIRECT_OBJC_ISA_USAGE = YES_ERROR;
				CLANG_WARN_DOCUMENTATION_COMMENTS = YES;
				CLANG_WARN_EMPTY_BODY = YES;
				CLANG_WARN_ENUM_CONVERSION = YES;
				CLANG_WARN_INFINITE_RECURSION = YES;
				CLANG_WARN_INT_CONVERSION = YES;
				CLANG_WARN_NON_LITERAL_NULL_CONVERSION = YES;
				CLANG_WARN_OBJC_IMPLICIT_RETAIN_SELF = YES;
				CLANG_WARN_OBJC_LITERAL_CONVERSION = YES;
				CLANG_WARN_OBJC_ROOT_CLASS = YES_ERROR;
				CLANG_WARN_RANGE_LOOP_ANALYSIS = YES;
				CLANG_WARN_STRICT_PROTOTYPES = YES;
				CLANG_WARN_SUSPICIOUS_MOVE = YES;
				CLANG_WARN_UNGUARDED_AVAILABILITY = YES_AGGRESSIVE;
				CLANG_WARN_UNREACHABLE_CODE = YES;
				CLANG_WARN__DUPLICATE_METHOD_MATCH = YES;
				COPY_PHASE_STRIP = NO;
				DEBUG_INFORMATION_FORMAT = dwarf;
				ENABLE_STRICT_OBJC_MSGSEND = YES;
				ENABLE_TESTABILITY = YES;
				GCC_C_LANGUAGE_STANDARD = gnu11;
				GCC_DYNAMIC_NO_PIC = NO;
				GCC_NO_COMMON_BLOCKS = YES;
				GCC_OPTIMIZATION_LEVEL = 0;
				GCC_PREPROCESSOR_DEFINITIONS = (
					"DEBUG=1",
					"$(inherited)",
				);
				GCC_WARN_64_TO_32_BIT_CONVERSION = YES;
				GCC_WARN_ABOUT_RETURN_TYPE = YES_ERROR;
				GCC_WARN_UNDECLARED_SELECTOR = YES;
				GCC_WARN_UNINITIALIZED_AUTOS = YES_AGGRESSIVE;
				GCC_WARN_UNUSED_FUNCTION = YES;
				GCC_WARN_UNUSED_VARIABLE = YES;
				IPHONEOS_DEPLOYMENT_TARGET = 13.5;
				MTL_ENABLE_DEBUG_INFO = INCLUDE_SOURCE;
				MTL_FAST_MATH = YES;
				ONLY_ACTIVE_ARCH = YES;
				SDKROOT = iphoneos;
				SWIFT_ACTIVE_COMPILATION_CONDITIONS = DEBUG;
				SWIFT_OPTIMIZATION_LEVEL = "-Onone";
			};
			name = Debug;
		};
		7B25510A255A23A800FF63A0 /* Release */ = {
			isa = XCBuildConfiguration;
			buildSettings = {
				ALWAYS_SEARCH_USER_PATHS = NO;
				CLANG_ANALYZER_NONNULL = YES;
				CLANG_ANALYZER_NUMBER_OBJECT_CONVERSION = YES_AGGRESSIVE;
				CLANG_CXX_LANGUAGE_STANDARD = "gnu++14";
				CLANG_CXX_LIBRARY = "libc++";
				CLANG_ENABLE_MODULES = YES;
				CLANG_ENABLE_OBJC_ARC = YES;
				CLANG_ENABLE_OBJC_WEAK = YES;
				CLANG_WARN_BLOCK_CAPTURE_AUTORELEASING = YES;
				CLANG_WARN_BOOL_CONVERSION = YES;
				CLANG_WARN_COMMA = YES;
				CLANG_WARN_CONSTANT_CONVERSION = YES;
				CLANG_WARN_DEPRECATED_OBJC_IMPLEMENTATIONS = YES;
				CLANG_WARN_DIRECT_OBJC_ISA_USAGE = YES_ERROR;
				CLANG_WARN_DOCUMENTATION_COMMENTS = YES;
				CLANG_WARN_EMPTY_BODY = YES;
				CLANG_WARN_ENUM_CONVERSION = YES;
				CLANG_WARN_INFINITE_RECURSION = YES;
				CLANG_WARN_INT_CONVERSION = YES;
				CLANG_WARN_NON_LITERAL_NULL_CONVERSION = YES;
				CLANG_WARN_OBJC_IMPLICIT_RETAIN_SELF = YES;
				CLANG_WARN_OBJC_LITERAL_CONVERSION = YES;
				CLANG_WARN_OBJC_ROOT_CLASS = YES_ERROR;
				CLANG_WARN_RANGE_LOOP_ANALYSIS = YES;
				CLANG_WARN_STRICT_PROTOTYPES = YES;
				CLANG_WARN_SUSPICIOUS_MOVE = YES;
				CLANG_WARN_UNGUARDED_AVAILABILITY = YES_AGGRESSIVE;
				CLANG_WARN_UNREACHABLE_CODE = YES;
				CLANG_WARN__DUPLICATE_METHOD_MATCH = YES;
				COPY_PHASE_STRIP = NO;
				DEBUG_INFORMATION_FORMAT = "dwarf-with-dsym";
				ENABLE_NS_ASSERTIONS = NO;
				ENABLE_STRICT_OBJC_MSGSEND = YES;
				GCC_C_LANGUAGE_STANDARD = gnu11;
				GCC_NO_COMMON_BLOCKS = YES;
				GCC_WARN_64_TO_32_BIT_CONVERSION = YES;
				GCC_WARN_ABOUT_RETURN_TYPE = YES_ERROR;
				GCC_WARN_UNDECLARED_SELECTOR = YES;
				GCC_WARN_UNINITIALIZED_AUTOS = YES_AGGRESSIVE;
				GCC_WARN_UNUSED_FUNCTION = YES;
				GCC_WARN_UNUSED_VARIABLE = YES;
				IPHONEOS_DEPLOYMENT_TARGET = 13.5;
				MTL_ENABLE_DEBUG_INFO = NO;
				MTL_FAST_MATH = YES;
				SDKROOT = iphoneos;
				SWIFT_COMPILATION_MODE = wholemodule;
				SWIFT_OPTIMIZATION_LEVEL = "-O";
				VALIDATE_PRODUCT = YES;
			};
			name = Release;
		};
		7B25510C255A23A800FF63A0 /* Debug */ = {
			isa = XCBuildConfiguration;
			buildSettings = {
				ASSETCATALOG_COMPILER_APPICON_NAME = AppIcon;
				CODE_SIGN_STYLE = Automatic;
				INFOPLIST_FILE = FireChat/Info.plist;
				LD_RUNPATH_SEARCH_PATHS = (
					"$(inherited)",
					"@executable_path/Frameworks",
				);
				PRODUCT_BUNDLE_IDENTIFIER = mkafonso.FireChat;
				PRODUCT_NAME = "$(TARGET_NAME)";
				SWIFT_VERSION = 5.0;
				TARGETED_DEVICE_FAMILY = "1,2";
			};
			name = Debug;
		};
		7B25510D255A23A800FF63A0 /* Release */ = {
			isa = XCBuildConfiguration;
			buildSettings = {
				ASSETCATALOG_COMPILER_APPICON_NAME = AppIcon;
				CODE_SIGN_STYLE = Automatic;
				INFOPLIST_FILE = FireChat/Info.plist;
				LD_RUNPATH_SEARCH_PATHS = (
					"$(inherited)",
					"@executable_path/Frameworks",
				);
				PRODUCT_BUNDLE_IDENTIFIER = mkafonso.FireChat;
				PRODUCT_NAME = "$(TARGET_NAME)";
				SWIFT_VERSION = 5.0;
				TARGETED_DEVICE_FAMILY = "1,2";
			};
			name = Release;
		};
/* End XCBuildConfiguration section */

/* Begin XCConfigurationList section */
		7B2550F2255A23A600FF63A0 /* Build configuration list for PBXProject "FireChat" */ = {
			isa = XCConfigurationList;
			buildConfigurations = (
				7B255109255A23A800FF63A0 /* Debug */,
				7B25510A255A23A800FF63A0 /* Release */,
			);
			defaultConfigurationIsVisible = 0;
			defaultConfigurationName = Release;
		};
		7B25510B255A23A800FF63A0 /* Build configuration list for PBXNativeTarget "FireChat" */ = {
			isa = XCConfigurationList;
			buildConfigurations = (
				7B25510C255A23A800FF63A0 /* Debug */,
				7B25510D255A23A800FF63A0 /* Release */,
			);
			defaultConfigurationIsVisible = 0;
			defaultConfigurationName = Release;
		};
/* End XCConfigurationList section */
	};
	rootObject = 7B2550EF255A23A600FF63A0 /* Project object */;
}
